
Microsoft Visual Studio Solution File, Format Version 12.00
# Visual Studio Version 17
VisualStudioVersion = 17.0.31912.275
MinimumVisualStudioVersion = 10.0.40219.1
Project("{FAE04EC0-301F-11D3-BF4B-00C04F79EFBC}") = "BTKALGORITMASI_NEW", "BTKALGORITMASI_NEW.csproj", "{21D9D449-E6C3-4511-BB73-6E8431808E18}"
EndProject
Global
	GlobalSection(SolutionConfigurationPlatforms) = preSolution
		Debug|Any CPU = Debug|Any CPU
		Release|Any CPU = Release|Any CPU
	EndGlobalSection
	GlobalSection(ProjectConfigurationPlatforms) = postSolution
		{21D9D449-E6C3-4511-BB73-6E8431808E18}.Debug|Any CPU.ActiveCfg = Debug|Any CPU
		{21D9D449-E6C3-4511-BB73-6E8431808E18}.Debug|Any CPU.Build.0 = Debug|Any CPU
		{21D9D449-E6C3-4511-BB73-6E8431808E18}.Release|Any CPU.ActiveCfg = Release|Any CPU
		{21D9D449-E6C3-4511-BB73-6E8431808E18}.Release|Any CPU.Build.0 = Release|Any CPU
	EndGlobalSection
	GlobalSection(SolutionProperties) = preSolution
		HideSolutionNode = FALSE
	EndGlobalSection
	GlobalSection(ExtensibilityGlobals) = postSolution
		SolutionGuid = {90EF591C-40D6-4248-8457-3B348FFF4CEC}
	EndGlobalSection
EndGlobal
